
Microsoft Visual Studio Solution File, Format Version 12.00
# Visual Studio Version 17
VisualStudioVersion = 17.1.32407.343
MinimumVisualStudioVersion = 10.0.40219.1
Project("{FAE04EC0-301F-11D3-BF4B-00C04F79EFBC}") = "Adita.Windows.Converters", "Adita.Windows.Converters\Adita.Windows.Converters.csproj", "{A70CE3C7-318F-45A8-A4CC-EBC243D8DF69}"
EndProject
Project("{FAE04EC0-301F-11D3-BF4B-00C04F79EFBC}") = "Adita.Windows.Converters.Test", "Adita.Windows.Converters.Test\Adita.Windows.Converters.Test.csproj", "{F37AA754-610A-4F3C-A9BD-2B9844153A63}"
EndProject
Project("{FAE04EC0-301F-11D3-BF4B-00C04F79EFBC}") = "Adita.Windows.Converters.Sample", "Adita.Windows.Converters.Sample\Adita.Windows.Converters.Sample.csproj", "{81296D44-34E2-4963-BF05-7A41165C3AE9}"
EndProject
Global
	GlobalSection(SolutionConfigurationPlatforms) = preSolution
		Debug|Any CPU = Debug|Any CPU
		Release|Any CPU = Release|Any CPU
	EndGlobalSection
	GlobalSection(ProjectConfigurationPlatforms) = postSolution
		{A70CE3C7-318F-45A8-A4CC-EBC243D8DF69}.Debug|Any CPU.ActiveCfg = Debug|Any CPU
		{A70CE3C7-318F-45A8-A4CC-EBC243D8DF69}.Debug|Any CPU.Build.0 = Debug|Any CPU
		{A70CE3C7-318F-45A8-A4CC-EBC243D8DF69}.Release|Any CPU.ActiveCfg = Release|Any CPU
		{A70CE3C7-318F-45A8-A4CC-EBC243D8DF69}.Release|Any CPU.Build.0 = Release|Any CPU
		{F37AA754-610A-4F3C-A9BD-2B9844153A63}.Debug|Any CPU.ActiveCfg = Debug|Any CPU
		{F37AA754-610A-4F3C-A9BD-2B9844153A63}.Debug|Any CPU.Build.0 = Debug|Any CPU
		{F37AA754-610A-4F3C-A9BD-2B9844153A63}.Release|Any CPU.ActiveCfg = Release|Any CPU
		{F37AA754-610A-4F3C-A9BD-2B9844153A63}.Release|Any CPU.Build.0 = Release|Any CPU
		{81296D44-34E2-4963-BF05-7A41165C3AE9}.Debug|Any CPU.ActiveCfg = Debug|Any CPU
		{81296D44-34E2-4963-BF05-7A41165C3AE9}.Debug|Any CPU.Build.0 = Debug|Any CPU
		{81296D44-34E2-4963-BF05-7A41165C3AE9}.Release|Any CPU.ActiveCfg = Release|Any CPU
		{81296D44-34E2-4963-BF05-7A41165C3AE9}.Release|Any CPU.Build.0 = Release|Any CPU
	EndGlobalSection
	GlobalSection(SolutionProperties) = preSolution
		HideSolutionNode = FALSE
	EndGlobalSection
	GlobalSection(ExtensibilityGlobals) = postSolution
		SolutionGuid = {6FC89332-8094-458B-B293-75D1833DBD7E}
	EndGlobalSection
EndGlobal
